// !$*UTF8*$!
{
	archiveVersion = 1;
	classes = {
	};
	objectVersion = 56;
	objects = {

/* Begin PBXBuildFile section */
		3353B0F774E49BFD349B0E13 /* Pods_PayphoneTest_PayphoneTestUITests.framework in Frameworks */ = {isa = PBXBuildFile; fileRef = 412F79A69397756D889E2B7B /* Pods_PayphoneTest_PayphoneTestUITests.framework */; };
		8044C1252D98783100DF03DB /* PayphoneTestApp.swift in Sources */ = {isa = PBXBuildFile; fileRef = 8044C1242D98783100DF03DB /* PayphoneTestApp.swift */; };
		8044C1272D98783100DF03DB /* ContentView.swift in Sources */ = {isa = PBXBuildFile; fileRef = 8044C1262D98783100DF03DB /* ContentView.swift */; };
		8044C1292D98783300DF03DB /* Assets.xcassets in Resources */ = {isa = PBXBuildFile; fileRef = 8044C1282D98783300DF03DB /* Assets.xcassets */; };
		8044C12C2D98783300DF03DB /* Preview Assets.xcassets in Resources */ = {isa = PBXBuildFile; fileRef = 8044C12B2D98783300DF03DB /* Preview Assets.xcassets */; };
		8044C1362D98783300DF03DB /* PayphoneTestTests.swift in Sources */ = {isa = PBXBuildFile; fileRef = 8044C1352D98783300DF03DB /* PayphoneTestTests.swift */; };
		8044C1402D98783300DF03DB /* PayphoneTestUITests.swift in Sources */ = {isa = PBXBuildFile; fileRef = 8044C13F2D98783300DF03DB /* PayphoneTestUITests.swift */; };
		8044C1422D98783300DF03DB /* PayphoneTestUITestsLaunchTests.swift in Sources */ = {isa = PBXBuildFile; fileRef = 8044C1412D98783300DF03DB /* PayphoneTestUITestsLaunchTests.swift */; };
		8044C1502D988ABC00DF03DB /* Alamofire in Frameworks */ = {isa = PBXBuildFile; productRef = 8044C14F2D988ABC00DF03DB /* Alamofire */; };
		806728E72D989CFE00D797A1 /* Users.swift in Sources */ = {isa = PBXBuildFile; fileRef = 806728E62D989CFE00D797A1 /* Users.swift */; };
		806728E92D989D2200D797A1 /* UserListView.swift in Sources */ = {isa = PBXBuildFile; fileRef = 806728E82D989D2200D797A1 /* UserListView.swift */; };
		806728EC2D989D4E00D797A1 /* UserDetailView.swift in Sources */ = {isa = PBXBuildFile; fileRef = 806728EB2D989D4E00D797A1 /* UserDetailView.swift */; };
		806728EF2D989D6600D797A1 /* UserListViewModel.swift in Sources */ = {isa = PBXBuildFile; fileRef = 806728EE2D989D6600D797A1 /* UserListViewModel.swift */; };
		806728F22D989D8400D797A1 /* UserService.swift in Sources */ = {isa = PBXBuildFile; fileRef = 806728F12D989D8400D797A1 /* UserService.swift */; };
		806728F52D989DBA00D797A1 /* GetUsersUseCase.swift in Sources */ = {isa = PBXBuildFile; fileRef = 806728F42D989DBA00D797A1 /* GetUsersUseCase.swift */; };
		806728F72D98A98300D797A1 /* AddUserView.swift in Sources */ = {isa = PBXBuildFile; fileRef = 806728F62D98A98300D797A1 /* AddUserView.swift */; };
		8DF2583E7444054A56FFDBF2 /* Pods_PayphoneTestTests.framework in Frameworks */ = {isa = PBXBuildFile; fileRef = DBDB4C9A33E31E5B03898E89 /* Pods_PayphoneTestTests.framework */; };
		C5976FE8BEF7613EC56AA7FF /* Pods_PayphoneTest.framework in Frameworks */ = {isa = PBXBuildFile; fileRef = 9D7503C44F07B2477332E0B7 /* Pods_PayphoneTest.framework */; };
/* End PBXBuildFile section */

/* Begin PBXContainerItemProxy section */
		8044C1322D98783300DF03DB /* PBXContainerItemProxy */ = {
			isa = PBXContainerItemProxy;
			containerPortal = 8044C1192D98783100DF03DB /* Project object */;
			proxyType = 1;
			remoteGlobalIDString = 8044C1202D98783100DF03DB;
			remoteInfo = PayphoneTest;
		};
		8044C13C2D98783300DF03DB /* PBXContainerItemProxy */ = {
			isa = PBXContainerItemProxy;
			containerPortal = 8044C1192D98783100DF03DB /* Project object */;
			proxyType = 1;
			remoteGlobalIDString = 8044C1202D98783100DF03DB;
			remoteInfo = PayphoneTest;
		};
/* End PBXContainerItemProxy section */

/* Begin PBXFileReference section */
		049D056D006BFD0084540338 /* Pods-PayphoneTest.release.xcconfig */ = {isa = PBXFileReference; includeInIndex = 1; lastKnownFileType = text.xcconfig; name = "Pods-PayphoneTest.release.xcconfig"; path = "Target Support Files/Pods-PayphoneTest/Pods-PayphoneTest.release.xcconfig"; sourceTree = "<group>"; };
		412F79A69397756D889E2B7B /* Pods_PayphoneTest_PayphoneTestUITests.framework */ = {isa = PBXFileReference; explicitFileType = wrapper.framework; includeInIndex = 0; path = Pods_PayphoneTest_PayphoneTestUITests.framework; sourceTree = BUILT_PRODUCTS_DIR; };
		433710FCD43A94A33EE71464 /* Pods-PayphoneTestTests.debug.xcconfig */ = {isa = PBXFileReference; includeInIndex = 1; lastKnownFileType = text.xcconfig; name = "Pods-PayphoneTestTests.debug.xcconfig"; path = "Target Support Files/Pods-PayphoneTestTests/Pods-PayphoneTestTests.debug.xcconfig"; sourceTree = "<group>"; };
		598F3E61E59CCB88D1F0AF5B /* Pods-PayphoneTest-PayphoneTestUITests.debug.xcconfig */ = {isa = PBXFileReference; includeInIndex = 1; lastKnownFileType = text.xcconfig; name = "Pods-PayphoneTest-PayphoneTestUITests.debug.xcconfig"; path = "Target Support Files/Pods-PayphoneTest-PayphoneTestUITests/Pods-PayphoneTest-PayphoneTestUITests.debug.xcconfig"; sourceTree = "<group>"; };
		6423B622A93812C3EEBBF6EF /* Pods-PayphoneTest-PayphoneTestUITests.release.xcconfig */ = {isa = PBXFileReference; includeInIndex = 1; lastKnownFileType = text.xcconfig; name = "Pods-PayphoneTest-PayphoneTestUITests.release.xcconfig"; path = "Target Support Files/Pods-PayphoneTest-PayphoneTestUITests/Pods-PayphoneTest-PayphoneTestUITests.release.xcconfig"; sourceTree = "<group>"; };
		8044C1212D98783100DF03DB /* PayphoneTest.app */ = {isa = PBXFileReference; explicitFileType = wrapper.application; includeInIndex = 0; path = PayphoneTest.app; sourceTree = BUILT_PRODUCTS_DIR; };
		8044C1242D98783100DF03DB /* PayphoneTestApp.swift */ = {isa = PBXFileReference; lastKnownFileType = sourcecode.swift; path = PayphoneTestApp.swift; sourceTree = "<group>"; };
		8044C1262D98783100DF03DB /* ContentView.swift */ = {isa = PBXFileReference; lastKnownFileType = sourcecode.swift; path = ContentView.swift; sourceTree = "<group>"; };
		8044C1282D98783300DF03DB /* Assets.xcassets */ = {isa = PBXFileReference; lastKnownFileType = folder.assetcatalog; path = Assets.xcassets; sourceTree = "<group>"; };
		8044C12B2D98783300DF03DB /* Preview Assets.xcassets */ = {isa = PBXFileReference; lastKnownFileType = folder.assetcatalog; path = "Preview Assets.xcassets"; sourceTree = "<group>"; };
		8044C1312D98783300DF03DB /* PayphoneTestTests.xctest */ = {isa = PBXFileReference; explicitFileType = wrapper.cfbundle; includeInIndex = 0; path = PayphoneTestTests.xctest; sourceTree = BUILT_PRODUCTS_DIR; };
		8044C1352D98783300DF03DB /* PayphoneTestTests.swift */ = {isa = PBXFileReference; lastKnownFileType = sourcecode.swift; path = PayphoneTestTests.swift; sourceTree = "<group>"; };
		8044C13B2D98783300DF03DB /* PayphoneTestUITests.xctest */ = {isa = PBXFileReference; explicitFileType = wrapper.cfbundle; includeInIndex = 0; path = PayphoneTestUITests.xctest; sourceTree = BUILT_PRODUCTS_DIR; };
		8044C13F2D98783300DF03DB /* PayphoneTestUITests.swift */ = {isa = PBXFileReference; lastKnownFileType = sourcecode.swift; path = PayphoneTestUITests.swift; sourceTree = "<group>"; };
		8044C1412D98783300DF03DB /* PayphoneTestUITestsLaunchTests.swift */ = {isa = PBXFileReference; lastKnownFileType = sourcecode.swift; path = PayphoneTestUITestsLaunchTests.swift; sourceTree = "<group>"; };
		806728E62D989CFE00D797A1 /* Users.swift */ = {isa = PBXFileReference; lastKnownFileType = sourcecode.swift; path = Users.swift; sourceTree = "<group>"; };
		806728E82D989D2200D797A1 /* UserListView.swift */ = {isa = PBXFileReference; lastKnownFileType = sourcecode.swift; path = UserListView.swift; sourceTree = "<group>"; };
		806728EB2D989D4E00D797A1 /* UserDetailView.swift */ = {isa = PBXFileReference; lastKnownFileType = sourcecode.swift; path = UserDetailView.swift; sourceTree = "<group>"; };
		806728EE2D989D6600D797A1 /* UserListViewModel.swift */ = {isa = PBXFileReference; lastKnownFileType = sourcecode.swift; path = UserListViewModel.swift; sourceTree = "<group>"; };
		806728F12D989D8400D797A1 /* UserService.swift */ = {isa = PBXFileReference; lastKnownFileType = sourcecode.swift; path = UserService.swift; sourceTree = "<group>"; };
		806728F42D989DBA00D797A1 /* GetUsersUseCase.swift */ = {isa = PBXFileReference; lastKnownFileType = sourcecode.swift; path = GetUsersUseCase.swift; sourceTree = "<group>"; };
		806728F62D98A98300D797A1 /* AddUserView.swift */ = {isa = PBXFileReference; lastKnownFileType = sourcecode.swift; path = AddUserView.swift; sourceTree = "<group>"; };
		9D7503C44F07B2477332E0B7 /* Pods_PayphoneTest.framework */ = {isa = PBXFileReference; explicitFileType = wrapper.framework; includeInIndex = 0; path = Pods_PayphoneTest.framework; sourceTree = BUILT_PRODUCTS_DIR; };
		A506DA74ED93138028B1E689 /* Pods-PayphoneTestTests.release.xcconfig */ = {isa = PBXFileReference; includeInIndex = 1; lastKnownFileType = text.xcconfig; name = "Pods-PayphoneTestTests.release.xcconfig"; path = "Target Support Files/Pods-PayphoneTestTests/Pods-PayphoneTestTests.release.xcconfig"; sourceTree = "<group>"; };
		DBDB4C9A33E31E5B03898E89 /* Pods_PayphoneTestTests.framework */ = {isa = PBXFileReference; explicitFileType = wrapper.framework; includeInIndex = 0; path = Pods_PayphoneTestTests.framework; sourceTree = BUILT_PRODUCTS_DIR; };
		E2A87DF8B0B3A795884A6AD8 /* Pods-PayphoneTest.debug.xcconfig */ = {isa = PBXFileReference; includeInIndex = 1; lastKnownFileType = text.xcconfig; name = "Pods-PayphoneTest.debug.xcconfig"; path = "Target Support Files/Pods-PayphoneTest/Pods-PayphoneTest.debug.xcconfig"; sourceTree = "<group>"; };
/* End PBXFileReference section */

/* Begin PBXFrameworksBuildPhase section */
		8044C11E2D98783100DF03DB /* Frameworks */ = {
			isa = PBXFrameworksBuildPhase;
			buildActionMask = 2147483647;
			files = (
				8044C1502D988ABC00DF03DB /* Alamofire in Frameworks */,
				C5976FE8BEF7613EC56AA7FF /* Pods_PayphoneTest.framework in Frameworks */,
			);
			runOnlyForDeploymentPostprocessing = 0;
		};
		8044C12E2D98783300DF03DB /* Frameworks */ = {
			isa = PBXFrameworksBuildPhase;
			buildActionMask = 2147483647;
			files = (
				8DF2583E7444054A56FFDBF2 /* Pods_PayphoneTestTests.framework in Frameworks */,
			);
			runOnlyForDeploymentPostprocessing = 0;
		};
		8044C1382D98783300DF03DB /* Frameworks */ = {
			isa = PBXFrameworksBuildPhase;
			buildActionMask = 2147483647;
			files = (
				3353B0F774E49BFD349B0E13 /* Pods_PayphoneTest_PayphoneTestUITests.framework in Frameworks */,
			);
			runOnlyForDeploymentPostprocessing = 0;
		};
/* End PBXFrameworksBuildPhase section */

/* Begin PBXGroup section */
		8044C1182D98783100DF03DB = {
			isa = PBXGroup;
			children = (
				8044C1232D98783100DF03DB /* PayphoneTest */,
				8044C1342D98783300DF03DB /* PayphoneTestTests */,
				8044C13E2D98783300DF03DB /* PayphoneTestUITests */,
				8044C1222D98783100DF03DB /* Products */,
				B1CB16126E55C380A62A5154 /* Pods */,
				EFC07055532CDCF25EA8D452 /* Frameworks */,
			);
			sourceTree = "<group>";
		};
		8044C1222D98783100DF03DB /* Products */ = {
			isa = PBXGroup;
			children = (
				8044C1212D98783100DF03DB /* PayphoneTest.app */,
				8044C1312D98783300DF03DB /* PayphoneTestTests.xctest */,
				8044C13B2D98783300DF03DB /* PayphoneTestUITests.xctest */,
			);
			name = Products;
			sourceTree = "<group>";
		};
		8044C1232D98783100DF03DB /* PayphoneTest */ = {
			isa = PBXGroup;
			children = (
				8044C1242D98783100DF03DB /* PayphoneTestApp.swift */,
				8044C1262D98783100DF03DB /* ContentView.swift */,
				806728F32D989DA200D797A1 /* UseCases */,
				806728F02D989D7700D797A1 /* Networking */,
				806728E52D989CF400D797A1 /* Model */,
				806728EA2D989D2600D797A1 /* View */,
				806728ED2D989D5900D797A1 /* ViewModel */,
				8044C1282D98783300DF03DB /* Assets.xcassets */,
				8044C12A2D98783300DF03DB /* Preview Content */,
			);
			path = PayphoneTest;
			sourceTree = "<group>";
		};
		8044C12A2D98783300DF03DB /* Preview Content */ = {
			isa = PBXGroup;
			children = (
				8044C12B2D98783300DF03DB /* Preview Assets.xcassets */,
			);
			path = "Preview Content";
			sourceTree = "<group>";
		};
		8044C1342D98783300DF03DB /* PayphoneTestTests */ = {
			isa = PBXGroup;
			children = (
				8044C1352D98783300DF03DB /* PayphoneTestTests.swift */,
			);
			path = PayphoneTestTests;
			sourceTree = "<group>";
		};
		8044C13E2D98783300DF03DB /* PayphoneTestUITests */ = {
			isa = PBXGroup;
			children = (
				8044C13F2D98783300DF03DB /* PayphoneTestUITests.swift */,
				8044C1412D98783300DF03DB /* PayphoneTestUITestsLaunchTests.swift */,
			);
			path = PayphoneTestUITests;
			sourceTree = "<group>";
		};
		806728E52D989CF400D797A1 /* Model */ = {
			isa = PBXGroup;
			children = (
				806728E62D989CFE00D797A1 /* Users.swift */,
			);
			path = Model;
			sourceTree = "<group>";
		};
		806728EA2D989D2600D797A1 /* View */ = {
			isa = PBXGroup;
			children = (
				806728E82D989D2200D797A1 /* UserListView.swift */,
				806728F62D98A98300D797A1 /* AddUserView.swift */,
				806728EB2D989D4E00D797A1 /* UserDetailView.swift */,
			);
			path = View;
			sourceTree = "<group>";
		};
		806728ED2D989D5900D797A1 /* ViewModel */ = {
			isa = PBXGroup;
			children = (
				806728EE2D989D6600D797A1 /* UserListViewModel.swift */,
			);
			path = ViewModel;
			sourceTree = "<group>";
		};
		806728F02D989D7700D797A1 /* Networking */ = {
			isa = PBXGroup;
			children = (
				806728F12D989D8400D797A1 /* UserService.swift */,
			);
			path = Networking;
			sourceTree = "<group>";
		};
		806728F32D989DA200D797A1 /* UseCases */ = {
			isa = PBXGroup;
			children = (
				806728F42D989DBA00D797A1 /* GetUsersUseCase.swift */,
			);
			path = UseCases;
			sourceTree = "<group>";
		};
		B1CB16126E55C380A62A5154 /* Pods */ = {
			isa = PBXGroup;
			children = (
				E2A87DF8B0B3A795884A6AD8 /* Pods-PayphoneTest.debug.xcconfig */,
				049D056D006BFD0084540338 /* Pods-PayphoneTest.release.xcconfig */,
				598F3E61E59CCB88D1F0AF5B /* Pods-PayphoneTest-PayphoneTestUITests.debug.xcconfig */,
				6423B622A93812C3EEBBF6EF /* Pods-PayphoneTest-PayphoneTestUITests.release.xcconfig */,
				433710FCD43A94A33EE71464 /* Pods-PayphoneTestTests.debug.xcconfig */,
				A506DA74ED93138028B1E689 /* Pods-PayphoneTestTests.release.xcconfig */,
			);
			path = Pods;
			sourceTree = "<group>";
		};
		EFC07055532CDCF25EA8D452 /* Frameworks */ = {
			isa = PBXGroup;
			children = (
				9D7503C44F07B2477332E0B7 /* Pods_PayphoneTest.framework */,
				412F79A69397756D889E2B7B /* Pods_PayphoneTest_PayphoneTestUITests.framework */,
				DBDB4C9A33E31E5B03898E89 /* Pods_PayphoneTestTests.framework */,
			);
			name = Frameworks;
			sourceTree = "<group>";
		};
/* End PBXGroup section */

/* Begin PBXNativeTarget section */
		8044C1202D98783100DF03DB /* PayphoneTest */ = {
			isa = PBXNativeTarget;
			buildConfigurationList = 8044C1452D98783300DF03DB /* Build configuration list for PBXNativeTarget "PayphoneTest" */;
			buildPhases = (
				84E584409D68730067EF29B2 /* [CP] Check Pods Manifest.lock */,
				8044C11D2D98783100DF03DB /* Sources */,
				8044C11E2D98783100DF03DB /* Frameworks */,
				8044C11F2D98783100DF03DB /* Resources */,
				5ACA598580C27DC58D0E072B /* [CP] Embed Pods Frameworks */,
			);
			buildRules = (
			);
			dependencies = (
			);
			name = PayphoneTest;
			packageProductDependencies = (
				8044C14F2D988ABC00DF03DB /* Alamofire */,
			);
			productName = PayphoneTest;
			productReference = 8044C1212D98783100DF03DB /* PayphoneTest.app */;
			productType = "com.apple.product-type.application";
		};
		8044C1302D98783300DF03DB /* PayphoneTestTests */ = {
			isa = PBXNativeTarget;
			buildConfigurationList = 8044C1482D98783300DF03DB /* Build configuration list for PBXNativeTarget "PayphoneTestTests" */;
			buildPhases = (
				0747404A488481C1DEF1590A /* [CP] Check Pods Manifest.lock */,
				8044C12D2D98783300DF03DB /* Sources */,
				8044C12E2D98783300DF03DB /* Frameworks */,
				8044C12F2D98783300DF03DB /* Resources */,
			);
			buildRules = (
			);
			dependencies = (
				8044C1332D98783300DF03DB /* PBXTargetDependency */,
			);
			name = PayphoneTestTests;
			productName = PayphoneTestTests;
			productReference = 8044C1312D98783300DF03DB /* PayphoneTestTests.xctest */;
			productType = "com.apple.product-type.bundle.unit-test";
		};
		8044C13A2D98783300DF03DB /* PayphoneTestUITests */ = {
			isa = PBXNativeTarget;
			buildConfigurationList = 8044C14B2D98783300DF03DB /* Build configuration list for PBXNativeTarget "PayphoneTestUITests" */;
			buildPhases = (
				B1AAADD4E3B897B48029F5A9 /* [CP] Check Pods Manifest.lock */,
				8044C1372D98783300DF03DB /* Sources */,
				8044C1382D98783300DF03DB /* Frameworks */,
				8044C1392D98783300DF03DB /* Resources */,
				AAC6AE09BEC03CA01BCEE2E9 /* [CP] Embed Pods Frameworks */,
			);
			buildRules = (
			);
			dependencies = (
				8044C13D2D98783300DF03DB /* PBXTargetDependency */,
			);
			name = PayphoneTestUITests;
			productName = PayphoneTestUITests;
			productReference = 8044C13B2D98783300DF03DB /* PayphoneTestUITests.xctest */;
			productType = "com.apple.product-type.bundle.ui-testing";
		};
/* End PBXNativeTarget section */

/* Begin PBXProject section */
		8044C1192D98783100DF03DB /* Project object */ = {
			isa = PBXProject;
			attributes = {
				BuildIndependentTargetsInParallel = 1;
				LastSwiftUpdateCheck = 1510;
				LastUpgradeCheck = 1510;
				TargetAttributes = {
					8044C1202D98783100DF03DB = {
						CreatedOnToolsVersion = 15.1;
					};
					8044C1302D98783300DF03DB = {
						CreatedOnToolsVersion = 15.1;
						TestTargetID = 8044C1202D98783100DF03DB;
					};
					8044C13A2D98783300DF03DB = {
						CreatedOnToolsVersion = 15.1;
						TestTargetID = 8044C1202D98783100DF03DB;
					};
				};
			};
			buildConfigurationList = 8044C11C2D98783100DF03DB /* Build configuration list for PBXProject "PayphoneTest" */;
			compatibilityVersion = "Xcode 14.0";
			developmentRegion = en;
			hasScannedForEncodings = 0;
			knownRegions = (
				en,
				Base,
			);
			mainGroup = 8044C1182D98783100DF03DB;
			packageReferences = (
				8044C14E2D988ABC00DF03DB /* XCRemoteSwiftPackageReference "Alamofire" */,
			);
			productRefGroup = 8044C1222D98783100DF03DB /* Products */;
			projectDirPath = "";
			projectRoot = "";
			targets = (
				8044C1202D98783100DF03DB /* PayphoneTest */,
				8044C1302D98783300DF03DB /* PayphoneTestTests */,
				8044C13A2D98783300DF03DB /* PayphoneTestUITests */,
			);
		};
/* End PBXProject section */

/* Begin PBXResourcesBuildPhase section */
		8044C11F2D98783100DF03DB /* Resources */ = {
			isa = PBXResourcesBuildPhase;
			buildActionMask = 2147483647;
			files = (
				8044C12C2D98783300DF03DB /* Preview Assets.xcassets in Resources */,
				8044C1292D98783300DF03DB /* Assets.xcassets in Resources */,
			);
			runOnlyForDeploymentPostprocessing = 0;
		};
		8044C12F2D98783300DF03DB /* Resources */ = {
			isa = PBXResourcesBuildPhase;
			buildActionMask = 2147483647;
			files = (
			);
			runOnlyForDeploymentPostprocessing = 0;
		};
		8044C1392D98783300DF03DB /* Resources */ = {
			isa = PBXResourcesBuildPhase;
			buildActionMask = 2147483647;
			files = (
			);
			runOnlyForDeploymentPostprocessing = 0;
		};
/* End PBXResourcesBuildPhase section */

/* Begin PBXShellScriptBuildPhase section */
		0747404A488481C1DEF1590A /* [CP] Check Pods Manifest.lock */ = {
			isa = PBXShellScriptBuildPhase;
			buildActionMask = 2147483647;
			files = (
			);
			inputFileListPaths = (
			);
			inputPaths = (
				"${PODS_PODFILE_DIR_PATH}/Podfile.lock",
				"${PODS_ROOT}/Manifest.lock",
			);
			name = "[CP] Check Pods Manifest.lock";
			outputFileListPaths = (
			);
			outputPaths = (
				"$(DERIVED_FILE_DIR)/Pods-PayphoneTestTests-checkManifestLockResult.txt",
			);
			runOnlyForDeploymentPostprocessing = 0;
			shellPath = /bin/sh;
			shellScript = "diff \"${PODS_PODFILE_DIR_PATH}/Podfile.lock\" \"${PODS_ROOT}/Manifest.lock\" > /dev/null\nif [ $? != 0 ] ; then\n    # print error to STDERR\n    echo \"error: The sandbox is not in sync with the Podfile.lock. Run 'pod install' or update your CocoaPods installation.\" >&2\n    exit 1\nfi\n# This output is used by Xcode 'outputs' to avoid re-running this script phase.\necho \"SUCCESS\" > \"${SCRIPT_OUTPUT_FILE_0}\"\n";
			showEnvVarsInLog = 0;
		};
		5ACA598580C27DC58D0E072B /* [CP] Embed Pods Frameworks */ = {
			isa = PBXShellScriptBuildPhase;
			buildActionMask = 2147483647;
			files = (
			);
			inputFileListPaths = (
				"${PODS_ROOT}/Target Support Files/Pods-PayphoneTest/Pods-PayphoneTest-frameworks-${CONFIGURATION}-input-files.xcfilelist",
			);
			name = "[CP] Embed Pods Frameworks";
			outputFileListPaths = (
				"${PODS_ROOT}/Target Support Files/Pods-PayphoneTest/Pods-PayphoneTest-frameworks-${CONFIGURATION}-output-files.xcfilelist",
			);
			runOnlyForDeploymentPostprocessing = 0;
			shellPath = /bin/sh;
			shellScript = "\"${PODS_ROOT}/Target Support Files/Pods-PayphoneTest/Pods-PayphoneTest-frameworks.sh\"\n";
			showEnvVarsInLog = 0;
		};
		84E584409D68730067EF29B2 /* [CP] Check Pods Manifest.lock */ = {
			isa = PBXShellScriptBuildPhase;
			buildActionMask = 2147483647;
			files = (
			);
			inputFileListPaths = (
			);
			inputPaths = (
				"${PODS_PODFILE_DIR_PATH}/Podfile.lock",
				"${PODS_ROOT}/Manifest.lock",
			);
			name = "[CP] Check Pods Manifest.lock";
			outputFileListPaths = (
			);
			outputPaths = (
				"$(DERIVED_FILE_DIR)/Pods-PayphoneTest-checkManifestLockResult.txt",
			);
			runOnlyForDeploymentPostprocessing = 0;
			shellPath = /bin/sh;
			shellScript = "diff \"${PODS_PODFILE_DIR_PATH}/Podfile.lock\" \"${PODS_ROOT}/Manifest.lock\" > /dev/null\nif [ $? != 0 ] ; then\n    # print error to STDERR\n    echo \"error: The sandbox is not in sync with the Podfile.lock. Run 'pod install' or update your CocoaPods installation.\" >&2\n    exit 1\nfi\n# This output is used by Xcode 'outputs' to avoid re-running this script phase.\necho \"SUCCESS\" > \"${SCRIPT_OUTPUT_FILE_0}\"\n";
			showEnvVarsInLog = 0;
		};
		AAC6AE09BEC03CA01BCEE2E9 /* [CP] Embed Pods Frameworks */ = {
			isa = PBXShellScriptBuildPhase;
			buildActionMask = 2147483647;
			files = (
			);
			inputFileListPaths = (
				"${PODS_ROOT}/Target Support Files/Pods-PayphoneTest-PayphoneTestUITests/Pods-PayphoneTest-PayphoneTestUITests-frameworks-${CONFIGURATION}-input-files.xcfilelist",
			);
			name = "[CP] Embed Pods Frameworks";
			outputFileListPaths = (
				"${PODS_ROOT}/Target Support Files/Pods-PayphoneTest-PayphoneTestUITests/Pods-PayphoneTest-PayphoneTestUITests-frameworks-${CONFIGURATION}-output-files.xcfilelist",
			);
			runOnlyForDeploymentPostprocessing = 0;
			shellPath = /bin/sh;
			shellScript = "\"${PODS_ROOT}/Target Support Files/Pods-PayphoneTest-PayphoneTestUITests/Pods-PayphoneTest-PayphoneTestUITests-frameworks.sh\"\n";
			showEnvVarsInLog = 0;
		};
		B1AAADD4E3B897B48029F5A9 /* [CP] Check Pods Manifest.lock */ = {
			isa = PBXShellScriptBuildPhase;
			buildActionMask = 2147483647;
			files = (
			);
			inputFileListPaths = (
			);
			inputPaths = (
				"${PODS_PODFILE_DIR_PATH}/Podfile.lock",
				"${PODS_ROOT}/Manifest.lock",
			);
			name = "[CP] Check Pods Manifest.lock";
			outputFileListPaths = (
			);
			outputPaths = (
				"$(DERIVED_FILE_DIR)/Pods-PayphoneTest-PayphoneTestUITests-checkManifestLockResult.txt",
			);
			runOnlyForDeploymentPostprocessing = 0;
			shellPath = /bin/sh;
			shellScript = "diff \"${PODS_PODFILE_DIR_PATH}/Podfile.lock\" \"${PODS_ROOT}/Manifest.lock\" > /dev/null\nif [ $? != 0 ] ; then\n    # print error to STDERR\n    echo \"error: The sandbox is not in sync with the Podfile.lock. Run 'pod install' or update your CocoaPods installation.\" >&2\n    exit 1\nfi\n# This output is used by Xcode 'outputs' to avoid re-running this script phase.\necho \"SUCCESS\" > \"${SCRIPT_OUTPUT_FILE_0}\"\n";
			showEnvVarsInLog = 0;
		};
/* End PBXShellScriptBuildPhase section */

/* Begin PBXSourcesBuildPhase section */
		8044C11D2D98783100DF03DB /* Sources */ = {
			isa = PBXSourcesBuildPhase;
			buildActionMask = 2147483647;
			files = (
				8044C1272D98783100DF03DB /* ContentView.swift in Sources */,
				806728F52D989DBA00D797A1 /* GetUsersUseCase.swift in Sources */,
				806728F22D989D8400D797A1 /* UserService.swift in Sources */,
				806728EF2D989D6600D797A1 /* UserListViewModel.swift in Sources */,
				806728E72D989CFE00D797A1 /* Users.swift in Sources */,
				8044C1252D98783100DF03DB /* PayphoneTestApp.swift in Sources */,
				806728EC2D989D4E00D797A1 /* UserDetailView.swift in Sources */,
				806728E92D989D2200D797A1 /* UserListView.swift in Sources */,
				806728F72D98A98300D797A1 /* AddUserView.swift in Sources */,
			);
			runOnlyForDeploymentPostprocessing = 0;
		};
		8044C12D2D98783300DF03DB /* Sources */ = {
			isa = PBXSourcesBuildPhase;
			buildActionMask = 2147483647;
			files = (
				8044C1362D98783300DF03DB /* PayphoneTestTests.swift in Sources */,
			);
			runOnlyForDeploymentPostprocessing = 0;
		};
		8044C1372D98783300DF03DB /* Sources */ = {
			isa = PBXSourcesBuildPhase;
			buildActionMask = 2147483647;
			files = (
				8044C1422D98783300DF03DB /* PayphoneTestUITestsLaunchTests.swift in Sources */,
				8044C1402D98783300DF03DB /* PayphoneTestUITests.swift in Sources */,
			);
			runOnlyForDeploymentPostprocessing = 0;
		};
/* End PBXSourcesBuildPhase section */

/* Begin PBXTargetDependency section */
		8044C1332D98783300DF03DB /* PBXTargetDependency */ = {
			isa = PBXTargetDependency;
			target = 8044C1202D98783100DF03DB /* PayphoneTest */;
			targetProxy = 8044C1322D98783300DF03DB /* PBXContainerItemProxy */;
		};
		8044C13D2D98783300DF03DB /* PBXTargetDependency */ = {
			isa = PBXTargetDependency;
			target = 8044C1202D98783100DF03DB /* PayphoneTest */;
			targetProxy = 8044C13C2D98783300DF03DB /* PBXContainerItemProxy */;
		};
/* End PBXTargetDependency section */

/* Begin XCBuildConfiguration section */
		8044C1432D98783300DF03DB /* Debug */ = {
			isa = XCBuildConfiguration;
			buildSettings = {
				ALWAYS_SEARCH_USER_PATHS = NO;
				ASSETCATALOG_COMPILER_GENERATE_SWIFT_ASSET_SYMBOL_EXTENSIONS = YES;
				CLANG_ANALYZER_NONNULL = YES;
				CLANG_ANALYZER_NUMBER_OBJECT_CONVERSION = YES_AGGRESSIVE;
				CLANG_CXX_LANGUAGE_STANDARD = "gnu++20";
				CLANG_ENABLE_MODULES = YES;
				CLANG_ENABLE_OBJC_ARC = YES;
				CLANG_ENABLE_OBJC_WEAK = YES;
				CLANG_WARN_BLOCK_CAPTURE_AUTORELEASING = YES;
				CLANG_WARN_BOOL_CONVERSION = YES;
				CLANG_WARN_COMMA = YES;
				CLANG_WARN_CONSTANT_CONVERSION = YES;
				CLANG_WARN_DEPRECATED_OBJC_IMPLEMENTATIONS = YES;
				CLANG_WARN_DIRECT_OBJC_ISA_USAGE = YES_ERROR;
				CLANG_WARN_DOCUMENTATION_COMMENTS = YES;
				CLANG_WARN_EMPTY_BODY = YES;
				CLANG_WARN_ENUM_CONVERSION = YES;
				CLANG_WARN_INFINITE_RECURSION = YES;
				CLANG_WARN_INT_CONVERSION = YES;
				CLANG_WARN_NON_LITERAL_NULL_CONVERSION = YES;
				CLANG_WARN_OBJC_IMPLICIT_RETAIN_SELF = YES;
				CLANG_WARN_OBJC_LITERAL_CONVERSION = YES;
				CLANG_WARN_OBJC_ROOT_CLASS = YES_ERROR;
				CLANG_WARN_QUOTED_INCLUDE_IN_FRAMEWORK_HEADER = YES;
				CLANG_WARN_RANGE_LOOP_ANALYSIS = YES;
				CLANG_WARN_STRICT_PROTOTYPES = YES;
				CLANG_WARN_SUSPICIOUS_MOVE = YES;
				CLANG_WARN_UNGUARDED_AVAILABILITY = YES_AGGRESSIVE;
				CLANG_WARN_UNREACHABLE_CODE = YES;
				CLANG_WARN__DUPLICATE_METHOD_MATCH = YES;
				COPY_PHASE_STRIP = NO;
				DEBUG_INFORMATION_FORMAT = dwarf;
				ENABLE_STRICT_OBJC_MSGSEND = YES;
				ENABLE_TESTABILITY = YES;
				ENABLE_USER_SCRIPT_SANDBOXING = NO;
				GCC_C_LANGUAGE_STANDARD = gnu17;
				GCC_DYNAMIC_NO_PIC = NO;
				GCC_NO_COMMON_BLOCKS = YES;
				GCC_OPTIMIZATION_LEVEL = 0;
				GCC_PREPROCESSOR_DEFINITIONS = (
					"DEBUG=1",
					"$(inherited)",
				);
				GCC_WARN_64_TO_32_BIT_CONVERSION = YES;
				GCC_WARN_ABOUT_RETURN_TYPE = YES_ERROR;
				GCC_WARN_UNDECLARED_SELECTOR = YES;
				GCC_WARN_UNINITIALIZED_AUTOS = YES_AGGRESSIVE;
				GCC_WARN_UNUSED_FUNCTION = YES;
				GCC_WARN_UNUSED_VARIABLE = YES;
				IPHONEOS_DEPLOYMENT_TARGET = 15.0;
				LOCALIZATION_PREFERS_STRING_CATALOGS = YES;
				MTL_ENABLE_DEBUG_INFO = INCLUDE_SOURCE;
				MTL_FAST_MATH = YES;
				ONLY_ACTIVE_ARCH = YES;
				SDKROOT = iphoneos;
				SWIFT_ACTIVE_COMPILATION_CONDITIONS = "DEBUG $(inherited)";
				SWIFT_OPTIMIZATION_LEVEL = "-Onone";
			};
			name = Debug;
		};
		8044C1442D98783300DF03DB /* Release */ = {
			isa = XCBuildConfiguration;
			buildSettings = {
				ALWAYS_SEARCH_USER_PATHS = NO;
				ASSETCATALOG_COMPILER_GENERATE_SWIFT_ASSET_SYMBOL_EXTENSIONS = YES;
				CLANG_ANALYZER_NONNULL = YES;
				CLANG_ANALYZER_NUMBER_OBJECT_CONVERSION = YES_AGGRESSIVE;
				CLANG_CXX_LANGUAGE_STANDARD = "gnu++20";
				CLANG_ENABLE_MODULES = YES;
				CLANG_ENABLE_OBJC_ARC = YES;
				CLANG_ENABLE_OBJC_WEAK = YES;
				CLANG_WARN_BLOCK_CAPTURE_AUTORELEASING = YES;
				CLANG_WARN_BOOL_CONVERSION = YES;
				CLANG_WARN_COMMA = YES;
				CLANG_WARN_CONSTANT_CONVERSION = YES;
				CLANG_WARN_DEPRECATED_OBJC_IMPLEMENTATIONS = YES;
				CLANG_WARN_DIRECT_OBJC_ISA_USAGE = YES_ERROR;
				CLANG_WARN_DOCUMENTATION_COMMENTS = YES;
				CLANG_WARN_EMPTY_BODY = YES;
				CLANG_WARN_ENUM_CONVERSION = YES;
				CLANG_WARN_INFINITE_RECURSION = YES;
				CLANG_WARN_INT_CONVERSION = YES;
				CLANG_WARN_NON_LITERAL_NULL_CONVERSION = YES;
				CLANG_WARN_OBJC_IMPLICIT_RETAIN_SELF = YES;
				CLANG_WARN_OBJC_LITERAL_CONVERSION = YES;
				CLANG_WARN_OBJC_ROOT_CLASS = YES_ERROR;
				CLANG_WARN_QUOTED_INCLUDE_IN_FRAMEWORK_HEADER = YES;
				CLANG_WARN_RANGE_LOOP_ANALYSIS = YES;
				CLANG_WARN_STRICT_PROTOTYPES = YES;
				CLANG_WARN_SUSPICIOUS_MOVE = YES;
				CLANG_WARN_UNGUARDED_AVAILABILITY = YES_AGGRESSIVE;
				CLANG_WARN_UNREACHABLE_CODE = YES;
				CLANG_WARN__DUPLICATE_METHOD_MATCH = YES;
				COPY_PHASE_STRIP = NO;
				DEBUG_INFORMATION_FORMAT = "dwarf-with-dsym";
				ENABLE_NS_ASSERTIONS = NO;
				ENABLE_STRICT_OBJC_MSGSEND = YES;
				ENABLE_USER_SCRIPT_SANDBOXING = NO;
				GCC_C_LANGUAGE_STANDARD = gnu17;
				GCC_NO_COMMON_BLOCKS = YES;
				GCC_WARN_64_TO_32_BIT_CONVERSION = YES;
				GCC_WARN_ABOUT_RETURN_TYPE = YES_ERROR;
				GCC_WARN_UNDECLARED_SELECTOR = YES;
				GCC_WARN_UNINITIALIZED_AUTOS = YES_AGGRESSIVE;
				GCC_WARN_UNUSED_FUNCTION = YES;
				GCC_WARN_UNUSED_VARIABLE = YES;
				IPHONEOS_DEPLOYMENT_TARGET = 15.0;
				LOCALIZATION_PREFERS_STRING_CATALOGS = YES;
				MTL_ENABLE_DEBUG_INFO = NO;
				MTL_FAST_MATH = YES;
				SDKROOT = iphoneos;
				SWIFT_COMPILATION_MODE = wholemodule;
				VALIDATE_PRODUCT = YES;
			};
			name = Release;
		};
		8044C1462D98783300DF03DB /* Debug */ = {
			isa = XCBuildConfiguration;
			baseConfigurationReference = E2A87DF8B0B3A795884A6AD8 /* Pods-PayphoneTest.debug.xcconfig */;
			buildSettings = {
				ASSETCATALOG_COMPILER_APPICON_NAME = AppIcon;
				ASSETCATALOG_COMPILER_GLOBAL_ACCENT_COLOR_NAME = AccentColor;
				CODE_SIGN_STYLE = Automatic;
				CURRENT_PROJECT_VERSION = 1;
				DEVELOPMENT_ASSET_PATHS = "\"PayphoneTest/Preview Content\"";
				DEVELOPMENT_TEAM = PQ6M67LP4Y;
				ENABLE_PREVIEWS = YES;
				GENERATE_INFOPLIST_FILE = YES;
				INFOPLIST_KEY_UIApplicationSceneManifest_Generation = YES;
				INFOPLIST_KEY_UIApplicationSupportsIndirectInputEvents = YES;
				INFOPLIST_KEY_UILaunchScreen_Generation = YES;
				INFOPLIST_KEY_UISupportedInterfaceOrientations_iPad = "UIInterfaceOrientationPortrait UIInterfaceOrientationPortraitUpsideDown UIInterfaceOrientationLandscapeLeft UIInterfaceOrientationLandscapeRight";
				INFOPLIST_KEY_UISupportedInterfaceOrientations_iPhone = "UIInterfaceOrientationPortrait UIInterfaceOrientationLandscapeLeft UIInterfaceOrientationLandscapeRight";
				IPHONEOS_DEPLOYMENT_TARGET = 15.0;
				LD_RUNPATH_SEARCH_PATHS = (
					"$(inherited)",
					"@executable_path/Frameworks",
				);
				MARKETING_VERSION = 1.0;
				PRODUCT_BUNDLE_IDENTIFIER = "Pedro-Ferreira.PayphoneTest";
				PRODUCT_NAME = "$(TARGET_NAME)";
				SWIFT_EMIT_LOC_STRINGS = YES;
				SWIFT_VERSION = 5.0;
				TARGETED_DEVICE_FAMILY = "1,2";
			};
			name = Debug;
		};
		8044C1472D98783300DF03DB /* Release */ = {
			isa = XCBuildConfiguration;
			baseConfigurationReference = 049D056D006BFD0084540338 /* Pods-PayphoneTest.release.xcconfig */;
			buildSettings = {
				ASSETCATALOG_COMPILER_APPICON_NAME = AppIcon;
				ASSETCATALOG_COMPILER_GLOBAL_ACCENT_COLOR_NAME = AccentColor;
				CODE_SIGN_STYLE = Automatic;
				CURRENT_PROJECT_VERSION = 1;
				DEVELOPMENT_ASSET_PATHS = "\"PayphoneTest/Preview Content\"";
				DEVELOPMENT_TEAM = PQ6M67LP4Y;
				ENABLE_PREVIEWS = YES;
				GENERATE_INFOPLIST_FILE = YES;
				INFOPLIST_KEY_UIApplicationSceneManifest_Generation = YES;
				INFOPLIST_KEY_UIApplicationSupportsIndirectInputEvents = YES;
				INFOPLIST_KEY_UILaunchScreen_Generation = YES;
				INFOPLIST_KEY_UISupportedInterfaceOrientations_iPad = "UIInterfaceOrientationPortrait UIInterfaceOrientationPortraitUpsideDown UIInterfaceOrientationLandscapeLeft UIInterfaceOrientationLandscapeRight";
				INFOPLIST_KEY_UISupportedInterfaceOrientations_iPhone = "UIInterfaceOrientationPortrait UIInterfaceOrientationLandscapeLeft UIInterfaceOrientationLandscapeRight";
				IPHONEOS_DEPLOYMENT_TARGET = 15.0;
				LD_RUNPATH_SEARCH_PATHS = (
					"$(inherited)",
					"@executable_path/Frameworks",
				);
				MARKETING_VERSION = 1.0;
				PRODUCT_BUNDLE_IDENTIFIER = "Pedro-Ferreira.PayphoneTest";
				PRODUCT_NAME = "$(TARGET_NAME)";
				SWIFT_EMIT_LOC_STRINGS = YES;
				SWIFT_VERSION = 5.0;
				TARGETED_DEVICE_FAMILY = "1,2";
			};
			name = Release;
		};
		8044C1492D98783300DF03DB /* Debug */ = {
			isa = XCBuildConfiguration;
			baseConfigurationReference = 433710FCD43A94A33EE71464 /* Pods-PayphoneTestTests.debug.xcconfig */;
			buildSettings = {
				ALWAYS_EMBED_SWIFT_STANDARD_LIBRARIES = YES;
				BUNDLE_LOADER = "$(TEST_HOST)";
				CODE_SIGN_STYLE = Automatic;
				CURRENT_PROJECT_VERSION = 1;
				DEVELOPMENT_TEAM = PQ6M67LP4Y;
				GENERATE_INFOPLIST_FILE = YES;
				IPHONEOS_DEPLOYMENT_TARGET = 17.2;
				MARKETING_VERSION = 1.0;
				PRODUCT_BUNDLE_IDENTIFIER = "Pedro-Ferreira.PayphoneTestTests";
				PRODUCT_NAME = "$(TARGET_NAME)";
				SWIFT_EMIT_LOC_STRINGS = NO;
				SWIFT_VERSION = 5.0;
				TARGETED_DEVICE_FAMILY = "1,2";
				TEST_HOST = "$(BUILT_PRODUCTS_DIR)/PayphoneTest.app/$(BUNDLE_EXECUTABLE_FOLDER_PATH)/PayphoneTest";
			};
			name = Debug;
		};
		8044C14A2D98783300DF03DB /* Release */ = {
			isa = XCBuildConfiguration;
			baseConfigurationReference = A506DA74ED93138028B1E689 /* Pods-PayphoneTestTests.release.xcconfig */;
			buildSettings = {
				ALWAYS_EMBED_SWIFT_STANDARD_LIBRARIES = YES;
				BUNDLE_LOADER = "$(TEST_HOST)";
				CODE_SIGN_STYLE = Automatic;
				CURRENT_PROJECT_VERSION = 1;
				DEVELOPMENT_TEAM = PQ6M67LP4Y;
				GENERATE_INFOPLIST_FILE = YES;
				IPHONEOS_DEPLOYMENT_TARGET = 17.2;
				MARKETING_VERSION = 1.0;
				PRODUCT_BUNDLE_IDENTIFIER = "Pedro-Ferreira.PayphoneTestTests";
				PRODUCT_NAME = "$(TARGET_NAME)";
				SWIFT_EMIT_LOC_STRINGS = NO;
				SWIFT_VERSION = 5.0;
				TARGETED_DEVICE_FAMILY = "1,2";
				TEST_HOST = "$(BUILT_PRODUCTS_DIR)/PayphoneTest.app/$(BUNDLE_EXECUTABLE_FOLDER_PATH)/PayphoneTest";
			};
			name = Release;
		};
		8044C14C2D98783300DF03DB /* Debug */ = {
			isa = XCBuildConfiguration;
			baseConfigurationReference = 598F3E61E59CCB88D1F0AF5B /* Pods-PayphoneTest-PayphoneTestUITests.debug.xcconfig */;
			buildSettings = {
				ALWAYS_EMBED_SWIFT_STANDARD_LIBRARIES = YES;
				CODE_SIGN_STYLE = Automatic;
				CURRENT_PROJECT_VERSION = 1;
				DEVELOPMENT_TEAM = PQ6M67LP4Y;
				GENERATE_INFOPLIST_FILE = YES;
				MARKETING_VERSION = 1.0;
				PRODUCT_BUNDLE_IDENTIFIER = "Pedro-Ferreira.PayphoneTestUITests";
				PRODUCT_NAME = "$(TARGET_NAME)";
				SWIFT_EMIT_LOC_STRINGS = NO;
				SWIFT_VERSION = 5.0;
				TARGETED_DEVICE_FAMILY = "1,2";
				TEST_TARGET_NAME = PayphoneTest;
			};
			name = Debug;
		};
		8044C14D2D98783300DF03DB /* Release */ = {
			isa = XCBuildConfiguration;
			baseConfigurationReference = 6423B622A93812C3EEBBF6EF /* Pods-PayphoneTest-PayphoneTestUITests.release.xcconfig */;
			buildSettings = {
				ALWAYS_EMBED_SWIFT_STANDARD_LIBRARIES = YES;
				CODE_SIGN_STYLE = Automatic;
				CURRENT_PROJECT_VERSION = 1;
				DEVELOPMENT_TEAM = PQ6M67LP4Y;
				GENERATE_INFOPLIST_FILE = YES;
				MARKETING_VERSION = 1.0;
				PRODUCT_BUNDLE_IDENTIFIER = "Pedro-Ferreira.PayphoneTestUITests";
				PRODUCT_NAME = "$(TARGET_NAME)";
				SWIFT_EMIT_LOC_STRINGS = NO;
				SWIFT_VERSION = 5.0;
				TARGETED_DEVICE_FAMILY = "1,2";
				TEST_TARGET_NAME = PayphoneTest;
			};
			name = Release;
		};
/* End XCBuildConfiguration section */

/* Begin XCConfigurationList section */
		8044C11C2D98783100DF03DB /* Build configuration list for PBXProject "PayphoneTest" */ = {
			isa = XCConfigurationList;
			buildConfigurations = (
				8044C1432D98783300DF03DB /* Debug */,
				8044C1442D98783300DF03DB /* Release */,
			);
			defaultConfigurationIsVisible = 0;
			defaultConfigurationName = Release;
		};
		8044C1452D98783300DF03DB /* Build configuration list for PBXNativeTarget "PayphoneTest" */ = {
			isa = XCConfigurationList;
			buildConfigurations = (
				8044C1462D98783300DF03DB /* Debug */,
				8044C1472D98783300DF03DB /* Release */,
			);
			defaultConfigurationIsVisible = 0;
			defaultConfigurationName = Release;
		};
		8044C1482D98783300DF03DB /* Build configuration list for PBXNativeTarget "PayphoneTestTests" */ = {
			isa = XCConfigurationList;
			buildConfigurations = (
				8044C1492D98783300DF03DB /* Debug */,
				8044C14A2D98783300DF03DB /* Release */,
			);
			defaultConfigurationIsVisible = 0;
			defaultConfigurationName = Release;
		};
		8044C14B2D98783300DF03DB /* Build configuration list for PBXNativeTarget "PayphoneTestUITests" */ = {
			isa = XCConfigurationList;
			buildConfigurations = (
				8044C14C2D98783300DF03DB /* Debug */,
				8044C14D2D98783300DF03DB /* Release */,
			);
			defaultConfigurationIsVisible = 0;
			defaultConfigurationName = Release;
		};
/* End XCConfigurationList section */

/* Begin XCRemoteSwiftPackageReference section */
		8044C14E2D988ABC00DF03DB /* XCRemoteSwiftPackageReference "Alamofire" */ = {
			isa = XCRemoteSwiftPackageReference;
			repositoryURL = "https://github.com/Alamofire/Alamofire";
			requirement = {
				kind = upToNextMajorVersion;
				minimumVersion = 5.10.2;
			};
		};
/* End XCRemoteSwiftPackageReference section */

/* Begin XCSwiftPackageProductDependency section */
		8044C14F2D988ABC00DF03DB /* Alamofire */ = {
			isa = XCSwiftPackageProductDependency;
			package = 8044C14E2D988ABC00DF03DB /* XCRemoteSwiftPackageReference "Alamofire" */;
			productName = Alamofire;
		};
/* End XCSwiftPackageProductDependency section */
	};
	rootObject = 8044C1192D98783100DF03DB /* Project object */;
}
